
Microsoft Visual Studio Solution File, Format Version 12.00
# Visual Studio Version 16
VisualStudioVersion = 16.0.29123.88
MinimumVisualStudioVersion = 10.0.40219.1
Project("{FAE04EC0-301F-11D3-BF4B-00C04F79EFBC}") = "RMDataManager", "RMDataManager\RMDataManager.csproj", "{6A30FE5C-0785-488F-B09E-C911F852E063}"
EndProject
Project("{00D1A9C2-B5F0-4AF3-8072-F6C62B433612}") = "RMData", "RMData\RMData.sqlproj", "{48E98EB5-1FC8-49CE-8730-DE2A97F053CB}"
EndProject
Project("{FAE04EC0-301F-11D3-BF4B-00C04F79EFBC}") = "RMDesktopUI", "RMDesktopUI\RMDesktopUI.csproj", "{6F07250B-9DBB-4A61-B450-FE6AB6EEA968}"
EndProject
Project("{FAE04EC0-301F-11D3-BF4B-00C04F79EFBC}") = "RMDataManager.Library", "RMDataManager.Library\RMDataManager.Library.csproj", "{2CADA938-8B9D-48C2-9307-EB09C039CD78}"
EndProject
Project("{FAE04EC0-301F-11D3-BF4B-00C04F79EFBC}") = "RMDesktopUI.Library", "RMDesktopUI.Library\RMDesktopUI.Library.csproj", "{8F144E0C-085F-45E9-8BF6-1B338C8664CD}"
EndProject
Global
	GlobalSection(SolutionConfigurationPlatforms) = preSolution
		Debug|Any CPU = Debug|Any CPU
		Release|Any CPU = Release|Any CPU
	EndGlobalSection
	GlobalSection(ProjectConfigurationPlatforms) = postSolution
		{6A30FE5C-0785-488F-B09E-C911F852E063}.Debug|Any CPU.ActiveCfg = Debug|Any CPU
		{6A30FE5C-0785-488F-B09E-C911F852E063}.Debug|Any CPU.Build.0 = Debug|Any CPU
		{6A30FE5C-0785-488F-B09E-C911F852E063}.Release|Any CPU.ActiveCfg = Release|Any CPU
		{6A30FE5C-0785-488F-B09E-C911F852E063}.Release|Any CPU.Build.0 = Release|Any CPU
		{48E98EB5-1FC8-49CE-8730-DE2A97F053CB}.Debug|Any CPU.ActiveCfg = Debug|Any CPU
		{48E98EB5-1FC8-49CE-8730-DE2A97F053CB}.Debug|Any CPU.Build.0 = Debug|Any CPU
		{48E98EB5-1FC8-49CE-8730-DE2A97F053CB}.Debug|Any CPU.Deploy.0 = Debug|Any CPU
		{48E98EB5-1FC8-49CE-8730-DE2A97F053CB}.Release|Any CPU.ActiveCfg = Release|Any CPU
		{48E98EB5-1FC8-49CE-8730-DE2A97F053CB}.Release|Any CPU.Build.0 = Release|Any CPU
		{48E98EB5-1FC8-49CE-8730-DE2A97F053CB}.Release|Any CPU.Deploy.0 = Release|Any CPU
		{6F07250B-9DBB-4A61-B450-FE6AB6EEA968}.Debug|Any CPU.ActiveCfg = Debug|Any CPU
		{6F07250B-9DBB-4A61-B450-FE6AB6EEA968}.Debug|Any CPU.Build.0 = Debug|Any CPU
		{6F07250B-9DBB-4A61-B450-FE6AB6EEA968}.Release|Any CPU.ActiveCfg = Release|Any CPU
		{6F07250B-9DBB-4A61-B450-FE6AB6EEA968}.Release|Any CPU.Build.0 = Release|Any CPU
		{2CADA938-8B9D-48C2-9307-EB09C039CD78}.Debug|Any CPU.ActiveCfg = Debug|Any CPU
		{2CADA938-8B9D-48C2-9307-EB09C039CD78}.Debug|Any CPU.Build.0 = Debug|Any CPU
		{2CADA938-8B9D-48C2-9307-EB09C039CD78}.Release|Any CPU.ActiveCfg = Release|Any CPU
		{2CADA938-8B9D-48C2-9307-EB09C039CD78}.Release|Any CPU.Build.0 = Release|Any CPU
		{8F144E0C-085F-45E9-8BF6-1B338C8664CD}.Debug|Any CPU.ActiveCfg = Debug|Any CPU
		{8F144E0C-085F-45E9-8BF6-1B338C8664CD}.Debug|Any CPU.Build.0 = Debug|Any CPU
		{8F144E0C-085F-45E9-8BF6-1B338C8664CD}.Release|Any CPU.ActiveCfg = Release|Any CPU
		{8F144E0C-085F-45E9-8BF6-1B338C8664CD}.Release|Any CPU.Build.0 = Release|Any CPU
	EndGlobalSection
	GlobalSection(SolutionProperties) = preSolution
		HideSolutionNode = FALSE
	EndGlobalSection
	GlobalSection(ExtensibilityGlobals) = postSolution
		SolutionGuid = {7F0D3157-A879-4532-A0AA-AF079692C53A}
	EndGlobalSection
EndGlobal
