
Microsoft Visual Studio Solution File, Format Version 12.00
# Visual Studio Version 16
VisualStudioVersion = 16.0.29123.88
MinimumVisualStudioVersion = 10.0.40219.1
Project("{00D1A9C2-B5F0-4AF3-8072-F6C62B433612}") = "RMData", "RMData\RMData.sqlproj", "{48E98EB5-1FC8-49CE-8730-DE2A97F053CB}"
EndProject
Project("{9A19103F-16F7-4668-BE54-9A1E7A4F7556}") = "RMDesktopUI", "RMDesktopUI\RMDesktopUI.csproj", "{6F07250B-9DBB-4A61-B450-FE6AB6EEA968}"
EndProject
Project("{9A19103F-16F7-4668-BE54-9A1E7A4F7556}") = "RMDataManager.Library", "RMDataManager.Library\RMDataManager.Library.csproj", "{2CADA938-8B9D-48C2-9307-EB09C039CD78}"
EndProject
Project("{9A19103F-16F7-4668-BE54-9A1E7A4F7556}") = "RMDesktopUI.Library", "RMDesktopUI.Library\RMDesktopUI.Library.csproj", "{8F144E0C-085F-45E9-8BF6-1B338C8664CD}"
EndProject
Project("{2150E333-8FDC-42A3-9474-1A3956D46DE8}") = "Database", "Database", "{5D57E3E4-966F-43C7-92B2-A7E07E046FBD}"
EndProject
Project("{2150E333-8FDC-42A3-9474-1A3956D46DE8}") = "API", "API", "{4F590943-5464-4B14-8DB6-399F93F1FFF9}"
EndProject
Project("{2150E333-8FDC-42A3-9474-1A3956D46DE8}") = "WPF", "WPF", "{6EC6989B-D16D-47D4-BD62-73A4EC7BF101}"
EndProject
Project("{9A19103F-16F7-4668-BE54-9A1E7A4F7556}") = "RMApi", "RMApi\RMApi.csproj", "{4264ABB2-B2A3-470A-86CA-81AA835F1618}"
EndProject
Project("{2150E333-8FDC-42A3-9474-1A3956D46DE8}") = "Solution Items", "Solution Items", "{6ECB8B33-FEB7-4DA5-9C3E-BAFF5CD5B57C}"
	ProjectSection(SolutionItems) = preProject
		Roadmap.txt = Roadmap.txt
	EndProjectSection
EndProject
Global
	GlobalSection(SolutionConfigurationPlatforms) = preSolution
		Debug|Any CPU = Debug|Any CPU
		Release|Any CPU = Release|Any CPU
	EndGlobalSection
	GlobalSection(ProjectConfigurationPlatforms) = postSolution
		{48E98EB5-1FC8-49CE-8730-DE2A97F053CB}.Debug|Any CPU.ActiveCfg = Debug|Any CPU
		{48E98EB5-1FC8-49CE-8730-DE2A97F053CB}.Debug|Any CPU.Build.0 = Debug|Any CPU
		{48E98EB5-1FC8-49CE-8730-DE2A97F053CB}.Debug|Any CPU.Deploy.0 = Debug|Any CPU
		{48E98EB5-1FC8-49CE-8730-DE2A97F053CB}.Release|Any CPU.ActiveCfg = Release|Any CPU
		{48E98EB5-1FC8-49CE-8730-DE2A97F053CB}.Release|Any CPU.Build.0 = Release|Any CPU
		{48E98EB5-1FC8-49CE-8730-DE2A97F053CB}.Release|Any CPU.Deploy.0 = Release|Any CPU
		{6F07250B-9DBB-4A61-B450-FE6AB6EEA968}.Debug|Any CPU.ActiveCfg = Debug|Any CPU
		{6F07250B-9DBB-4A61-B450-FE6AB6EEA968}.Debug|Any CPU.Build.0 = Debug|Any CPU
		{6F07250B-9DBB-4A61-B450-FE6AB6EEA968}.Release|Any CPU.ActiveCfg = Release|Any CPU
		{6F07250B-9DBB-4A61-B450-FE6AB6EEA968}.Release|Any CPU.Build.0 = Release|Any CPU
		{2CADA938-8B9D-48C2-9307-EB09C039CD78}.Debug|Any CPU.ActiveCfg = Debug|Any CPU
		{2CADA938-8B9D-48C2-9307-EB09C039CD78}.Debug|Any CPU.Build.0 = Debug|Any CPU
		{2CADA938-8B9D-48C2-9307-EB09C039CD78}.Release|Any CPU.ActiveCfg = Release|Any CPU
		{2CADA938-8B9D-48C2-9307-EB09C039CD78}.Release|Any CPU.Build.0 = Release|Any CPU
		{8F144E0C-085F-45E9-8BF6-1B338C8664CD}.Debug|Any CPU.ActiveCfg = Debug|Any CPU
		{8F144E0C-085F-45E9-8BF6-1B338C8664CD}.Debug|Any CPU.Build.0 = Debug|Any CPU
		{8F144E0C-085F-45E9-8BF6-1B338C8664CD}.Release|Any CPU.ActiveCfg = Release|Any CPU
		{8F144E0C-085F-45E9-8BF6-1B338C8664CD}.Release|Any CPU.Build.0 = Release|Any CPU
		{4264ABB2-B2A3-470A-86CA-81AA835F1618}.Debug|Any CPU.ActiveCfg = Debug|Any CPU
		{4264ABB2-B2A3-470A-86CA-81AA835F1618}.Debug|Any CPU.Build.0 = Debug|Any CPU
		{4264ABB2-B2A3-470A-86CA-81AA835F1618}.Release|Any CPU.ActiveCfg = Release|Any CPU
		{4264ABB2-B2A3-470A-86CA-81AA835F1618}.Release|Any CPU.Build.0 = Release|Any CPU
	EndGlobalSection
	GlobalSection(SolutionProperties) = preSolution
		HideSolutionNode = FALSE
	EndGlobalSection
	GlobalSection(NestedProjects) = preSolution
		{48E98EB5-1FC8-49CE-8730-DE2A97F053CB} = {5D57E3E4-966F-43C7-92B2-A7E07E046FBD}
		{6F07250B-9DBB-4A61-B450-FE6AB6EEA968} = {6EC6989B-D16D-47D4-BD62-73A4EC7BF101}
		{2CADA938-8B9D-48C2-9307-EB09C039CD78} = {4F590943-5464-4B14-8DB6-399F93F1FFF9}
		{8F144E0C-085F-45E9-8BF6-1B338C8664CD} = {6EC6989B-D16D-47D4-BD62-73A4EC7BF101}
		{4264ABB2-B2A3-470A-86CA-81AA835F1618} = {4F590943-5464-4B14-8DB6-399F93F1FFF9}
	EndGlobalSection
	GlobalSection(ExtensibilityGlobals) = postSolution
		SolutionGuid = {7F0D3157-A879-4532-A0AA-AF079692C53A}
	EndGlobalSection
EndGlobal
